
Microsoft Visual Studio Solution File, Format Version 12.00
# Visual Studio Version 17
VisualStudioVersion = 17.1.32414.318
MinimumVisualStudioVersion = 10.0.40219.1
Project("{9A19103F-16F7-4668-BE54-9A1E7A4F7556}") = "ConsoleAppBlockChainClient", "ConsoleAppBlockChain\ConsoleAppBlockChainClient.csproj", "{175B63DA-A846-48C1-B999-83DC47FCEDFD}"
EndProject
Project("{FAE04EC0-301F-11D3-BF4B-00C04F79EFBC}") = "ConsoleAppBlockChainServer", "ConsoleAppBlockChainServer\ConsoleAppBlockChainServer.csproj", "{052EAD22-2511-4289-B38E-5B923B49CB49}"
EndProject
Global
	GlobalSection(SolutionConfigurationPlatforms) = preSolution
		Debug|Any CPU = Debug|Any CPU
		Release|Any CPU = Release|Any CPU
	EndGlobalSection
	GlobalSection(ProjectConfigurationPlatforms) = postSolution
		{175B63DA-A846-48C1-B999-83DC47FCEDFD}.Debug|Any CPU.ActiveCfg = Debug|Any CPU
		{175B63DA-A846-48C1-B999-83DC47FCEDFD}.Debug|Any CPU.Build.0 = Debug|Any CPU
		{175B63DA-A846-48C1-B999-83DC47FCEDFD}.Release|Any CPU.ActiveCfg = Release|Any CPU
		{175B63DA-A846-48C1-B999-83DC47FCEDFD}.Release|Any CPU.Build.0 = Release|Any CPU
		{052EAD22-2511-4289-B38E-5B923B49CB49}.Debug|Any CPU.ActiveCfg = Debug|Any CPU
		{052EAD22-2511-4289-B38E-5B923B49CB49}.Debug|Any CPU.Build.0 = Debug|Any CPU
		{052EAD22-2511-4289-B38E-5B923B49CB49}.Release|Any CPU.ActiveCfg = Release|Any CPU
		{052EAD22-2511-4289-B38E-5B923B49CB49}.Release|Any CPU.Build.0 = Release|Any CPU
	EndGlobalSection
	GlobalSection(SolutionProperties) = preSolution
		HideSolutionNode = FALSE
	EndGlobalSection
	GlobalSection(ExtensibilityGlobals) = postSolution
		SolutionGuid = {A53DD263-C465-477A-B50C-6F272B36C44E}
	EndGlobalSection
EndGlobal
